
Microsoft Visual Studio Solution File, Format Version 12.00
# Visual Studio 2013
VisualStudioVersion = 12.0.31101.0
MinimumVisualStudioVersion = 10.0.40219.1
Project("{FAE04EC0-301F-11D3-BF4B-00C04F79EFBC}") = "AdvancedBuilding", "AdvancedBuilding.csproj", "{C275FDC3-73AF-4214-85DE-F737D3D42084}"
EndProject
Global
	GlobalSection(SolutionConfigurationPlatforms) = preSolution
		Debug|Any CPU = Debug|Any CPU
		Release|Any CPU = Release|Any CPU
	EndGlobalSection
	GlobalSection(ProjectConfigurationPlatforms) = postSolution
		{C275FDC3-73AF-4214-85DE-F737D3D42084}.Debug|Any CPU.ActiveCfg = Debug|Any CPU
		{C275FDC3-73AF-4214-85DE-F737D3D42084}.Debug|Any CPU.Build.0 = Debug|Any CPU
		{C275FDC3-73AF-4214-85DE-F737D3D42084}.Release|Any CPU.ActiveCfg = Release|Any CPU
		{C275FDC3-73AF-4214-85DE-F737D3D42084}.Release|Any CPU.Build.0 = Release|Any CPU
	EndGlobalSection
	GlobalSection(SolutionProperties) = preSolution
		HideSolutionNode = FALSE
	EndGlobalSection
EndGlobal
